
Microsoft Visual Studio Solution File, Format Version 12.00
# Visual Studio Version 17
VisualStudioVersion = 17.8.34511.84
MinimumVisualStudioVersion = 10.0.40219.1
Project("{FAE04EC0-301F-11D3-BF4B-00C04F79EFBC}") = "ejercicio3Datetime", "ejercicio3Datetime.csproj", "{72EAC858-9484-4E81-955D-8D56A9B68742}"
EndProject
Global
	GlobalSection(SolutionConfigurationPlatforms) = preSolution
		Debug|Any CPU = Debug|Any CPU
		Release|Any CPU = Release|Any CPU
	EndGlobalSection
	GlobalSection(ProjectConfigurationPlatforms) = postSolution
		{72EAC858-9484-4E81-955D-8D56A9B68742}.Debug|Any CPU.ActiveCfg = Debug|Any CPU
		{72EAC858-9484-4E81-955D-8D56A9B68742}.Debug|Any CPU.Build.0 = Debug|Any CPU
		{72EAC858-9484-4E81-955D-8D56A9B68742}.Release|Any CPU.ActiveCfg = Release|Any CPU
		{72EAC858-9484-4E81-955D-8D56A9B68742}.Release|Any CPU.Build.0 = Release|Any CPU
	EndGlobalSection
	GlobalSection(SolutionProperties) = preSolution
		HideSolutionNode = FALSE
	EndGlobalSection
	GlobalSection(ExtensibilityGlobals) = postSolution
		SolutionGuid = {E12F444E-25EA-4852-BFAC-C9FBDC2067E7}
	EndGlobalSection
EndGlobal
